
Microsoft Visual Studio Solution File, Format Version 12.00
# Visual Studio 15
VisualStudioVersion = 15.0.27428.2037
MinimumVisualStudioVersion = 10.0.40219.1
Project("{FAE04EC0-301F-11D3-BF4B-00C04F79EFBC}") = "InnovathonApp", "InnovathonApp\InnovathonApp.csproj", "{75C3D205-9C9B-4207-BF1F-793F2EC23D9A}"
EndProject
Global
	GlobalSection(SolutionConfigurationPlatforms) = preSolution
		Debug|Any CPU = Debug|Any CPU
		Release|Any CPU = Release|Any CPU
	EndGlobalSection
	GlobalSection(ProjectConfigurationPlatforms) = postSolution
		{75C3D205-9C9B-4207-BF1F-793F2EC23D9A}.Debug|Any CPU.ActiveCfg = Debug|Any CPU
		{75C3D205-9C9B-4207-BF1F-793F2EC23D9A}.Debug|Any CPU.Build.0 = Debug|Any CPU
		{75C3D205-9C9B-4207-BF1F-793F2EC23D9A}.Release|Any CPU.ActiveCfg = Release|Any CPU
		{75C3D205-9C9B-4207-BF1F-793F2EC23D9A}.Release|Any CPU.Build.0 = Release|Any CPU
	EndGlobalSection
	GlobalSection(SolutionProperties) = preSolution
		HideSolutionNode = FALSE
	EndGlobalSection
	GlobalSection(ExtensibilityGlobals) = postSolution
		SolutionGuid = {2662DDCA-2AA0-4780-B47C-B93E698BF019}
	EndGlobalSection
EndGlobal
